
Microsoft Visual Studio Solution File, Format Version 12.00
# Visual Studio Version 16
VisualStudioVersion = 16.0.30104.148
MinimumVisualStudioVersion = 10.0.40219.1
Project("{9A19103F-16F7-4668-BE54-9A1E7A4F7556}") = "jwt.netCore.API", "jwt.netCore.API\jwt.netCore.API.csproj", "{11C36470-01BA-44FC-AC56-53731EFA7A93}"
EndProject
Global
	GlobalSection(SolutionConfigurationPlatforms) = preSolution
		Debug|Any CPU = Debug|Any CPU
		Release|Any CPU = Release|Any CPU
	EndGlobalSection
	GlobalSection(ProjectConfigurationPlatforms) = postSolution
		{11C36470-01BA-44FC-AC56-53731EFA7A93}.Debug|Any CPU.ActiveCfg = Debug|Any CPU
		{11C36470-01BA-44FC-AC56-53731EFA7A93}.Debug|Any CPU.Build.0 = Debug|Any CPU
		{11C36470-01BA-44FC-AC56-53731EFA7A93}.Release|Any CPU.ActiveCfg = Release|Any CPU
		{11C36470-01BA-44FC-AC56-53731EFA7A93}.Release|Any CPU.Build.0 = Release|Any CPU
	EndGlobalSection
	GlobalSection(SolutionProperties) = preSolution
		HideSolutionNode = FALSE
	EndGlobalSection
	GlobalSection(ExtensibilityGlobals) = postSolution
		SolutionGuid = {1210F2AD-311F-4BFE-9F7B-197F9C327A2D}
	EndGlobalSection
EndGlobal
